
Microsoft Visual Studio Solution File, Format Version 12.00
# Visual Studio Version 17
VisualStudioVersion = 17.5.002.0
MinimumVisualStudioVersion = 10.0.40219.1
Project("{9A19103F-16F7-4668-BE54-9A1E7A4F7556}") = "HelloWorld", "HelloWorld.csproj", "{D352D769-0F26-4DAF-A5D6-C3805C1D9E8B}"
EndProject
Global
	GlobalSection(SolutionConfigurationPlatforms) = preSolution
		Debug|Any CPU = Debug|Any CPU
		Release|Any CPU = Release|Any CPU
	EndGlobalSection
	GlobalSection(ProjectConfigurationPlatforms) = postSolution
		{D352D769-0F26-4DAF-A5D6-C3805C1D9E8B}.Debug|Any CPU.ActiveCfg = Debug|Any CPU
		{D352D769-0F26-4DAF-A5D6-C3805C1D9E8B}.Debug|Any CPU.Build.0 = Debug|Any CPU
		{D352D769-0F26-4DAF-A5D6-C3805C1D9E8B}.Release|Any CPU.ActiveCfg = Release|Any CPU
		{D352D769-0F26-4DAF-A5D6-C3805C1D9E8B}.Release|Any CPU.Build.0 = Release|Any CPU
	EndGlobalSection
	GlobalSection(SolutionProperties) = preSolution
		HideSolutionNode = FALSE
	EndGlobalSection
	GlobalSection(ExtensibilityGlobals) = postSolution
		SolutionGuid = {C292D813-8FCF-4508-A652-DBC002A71650}
	EndGlobalSection
EndGlobal
